{
  "version": 4,
  "terraform_version": "1.2.3",
  "serial": 6,
  "lineage": "0185ca4e-3bb3-4ecf-f5f6-8882e0a2cc9f",
  "outputs": {},
  "resources": [
    {
      "mode": "managed",
      "type": "aws_iam_policy",
      "name": "adminUser",
      "provider": "provider[\"registry.terraform.io/hashicorp/aws\"]",
      "instances": [
        {
          "schema_version": 0,
          "attributes": {
            "arn": "arn:aws:iam::466804588286:policy/adminUser",
            "description": "",
            "id": "arn:aws:iam::466804588286:policy/adminUser",
            "name": "adminUser",
            "name_prefix": null,
            "path": "/",
            "policy": "{\"Statement\":[{\"Action\":\"*\",\"Effect\":\"Allow\",\"Resource\":\"*\",\"Sid\":\"AllowUsersToPerformUserActions\"}],\"Version\":\"2012-10-17\"}",
            "policy_id": "ANPAWZL5YX37J622JWNMB",
            "tags": null,
            "tags_all": {}
          },
          "sensitive_attributes": [],
          "private": "bnVsbA=="
        }
      ]
    },
    {
      "mode": "managed",
      "type": "aws_iam_policy_attachment",
      "name": "test-attach",
      "provider": "provider[\"registry.terraform.io/hashicorp/aws\"]",
      "instances": [
        {
          "schema_version": 0,
          "attributes": {
            "groups": null,
            "id": "test",
            "name": "test",
            "policy_arn": "arn:aws:iam::466804588286:policy/adminUser",
            "roles": null,
            "users": [
              "lucy"
            ]
          },
          "sensitive_attributes": [],
          "private": "bnVsbA==",
          "dependencies": [
            "aws_iam_policy.adminUser",
            "aws_iam_user.admin-user"
          ]
        }
      ]
    },
    {
      "mode": "managed",
      "type": "aws_iam_user",
      "name": "admin-user",
      "provider": "provider[\"registry.terraform.io/hashicorp/aws\"]",
      "instances": [
        {
          "schema_version": 0,
          "attributes": {
            "arn": "arn:aws:iam::466804588286:user/lucy",
            "force_destroy": false,
            "id": "lucy",
            "name": "lucy",
            "path": "/",
            "permissions_boundary": null,
            "tags": {
              "tag-key": "Technical team leader"
            },
            "tags_all": {
              "tag-key": "Technical team leader"
            },
            "unique_id": "AIDAWZL5YX37BD7IOVTM2"
          },
          "sensitive_attributes": [],
          "private": "bnVsbA=="
        }
      ]
    }
  ]
}
