{
  "version": 4,
  "terraform_version": "1.2.3",
  "serial": 31,
  "lineage": "0185ca4e-3bb3-4ecf-f5f6-8882e0a2cc9f",
  "outputs": {},
  "resources": [
    {
      "mode": "data",
      "type": "aws_iam_group",
      "name": "finance-data",
      "provider": "provider[\"registry.terraform.io/hashicorp/aws\"]",
      "instances": [
        {
          "schema_version": 0,
          "attributes": {
            "arn": "arn:aws:iam::466804588286:group/finance-analysts",
            "group_id": "AGPAWZL5YX37BQZBQSMGO",
            "group_name": "finance-analysts",
            "id": "AGPAWZL5YX37BQZBQSMGO",
            "path": "/",
            "users": [
              {
                "arn": "arn:aws:iam::466804588286:user/oday",
                "path": "/",
                "user_id": "AIDAWZL5YX37LUYZUQDBO",
                "user_name": "oday"
              }
            ]
          },
          "sensitive_attributes": []
        }
      ]
    },
    {
      "mode": "managed",
      "type": "aws_s3_bucket",
      "name": "finance",
      "provider": "provider[\"registry.terraform.io/hashicorp/aws\"]",
      "instances": [
        {
          "schema_version": 0,
          "attributes": {
            "acceleration_status": "",
            "acl": null,
            "arn": "arn:aws:s3:::finance-54331666",
            "bucket": "finance-54331666",
            "bucket_domain_name": "finance-54331666.s3.amazonaws.com",
            "bucket_prefix": null,
            "bucket_regional_domain_name": "finance-54331666.s3.amazonaws.com",
            "cors_rule": [],
            "force_destroy": false,
            "grant": [
              {
                "id": "8a40dc18793123672c0581c902feab84e09e4765abe128f82d15649480bbb428",
                "permissions": [
                  "FULL_CONTROL"
                ],
                "type": "CanonicalUser",
                "uri": ""
              }
            ],
            "hosted_zone_id": "Z3AQBSTGFYJSTF",
            "id": "finance-54331666",
            "lifecycle_rule": [],
            "logging": [],
            "object_lock_configuration": [],
            "object_lock_enabled": false,
            "policy": "",
            "region": "us-east-1",
            "replication_configuration": [],
            "request_payer": "BucketOwner",
            "server_side_encryption_configuration": [],
            "tags": {
              "Description": "finance and payroll"
            },
            "tags_all": {
              "Description": "finance and payroll"
            },
            "versioning": [
              {
                "enabled": false,
                "mfa_delete": false
              }
            ],
            "website": [],
            "website_domain": null,
            "website_endpoint": null
          },
          "sensitive_attributes": [],
          "private": "bnVsbA=="
        }
      ]
    },
    {
      "mode": "managed",
      "type": "aws_s3_bucket_object",
      "name": "finance-object",
      "provider": "provider[\"registry.terraform.io/hashicorp/aws\"]",
      "instances": [
        {
          "schema_version": 0,
          "attributes": {
            "acl": "private",
            "bucket": "finance-54331666",
            "bucket_key_enabled": false,
            "cache_control": "",
            "content": "/home/oday/Desktop/terraform-for-beginners/admin-policy.json",
            "content_base64": null,
            "content_disposition": "",
            "content_encoding": "",
            "content_language": "",
            "content_type": "binary/octet-stream",
            "etag": "58107564fc414329e287c457b0637d0f",
            "force_destroy": false,
            "id": "admin-policy.json",
            "key": "admin-policy.json",
            "kms_key_id": null,
            "metadata": null,
            "object_lock_legal_hold_status": "",
            "object_lock_mode": "",
            "object_lock_retain_until_date": "",
            "server_side_encryption": "",
            "source": null,
            "source_hash": null,
            "storage_class": "STANDARD",
            "tags": null,
            "tags_all": {},
            "version_id": "",
            "website_redirect": ""
          },
          "sensitive_attributes": [],
          "private": "bnVsbA==",
          "dependencies": [
            "aws_s3_bucket.finance"
          ]
        }
      ]
    }
  ]
}
